
Microsoft Visual Studio Solution File, Format Version 12.00
# Visual Studio 2013
VisualStudioVersion = 12.0.31101.0
MinimumVisualStudioVersion = 10.0.40219.1
Project("{FAE04EC0-301F-11D3-BF4B-00C04F79EFBC}") = "CardinalityEstimation", "CardinalityEstimation.csproj", "{214AB5A6-DD68-432C-893A-0F6CC70D2005}"
EndProject
Project("{FAE04EC0-301F-11D3-BF4B-00C04F79EFBC}") = "CardinalityEstimation.Test", "..\CardinalityEstimation.Test\CardinalityEstimation.Test.csproj", "{B2F44B14-05AB-4CA8-8188-563CC8D94DEC}"
EndProject
Project("{FAE04EC0-301F-11D3-BF4B-00C04F79EFBC}") = "CardinalityEstimation.Signed", "..\CardinalityEstimation.Signed\CardinalityEstimation.Signed.csproj", "{A9DB504B-099D-440D-93BD-E52FEA1BBE46}"
EndProject
Global
	GlobalSection(SolutionConfigurationPlatforms) = preSolution
		Debug|Any CPU = Debug|Any CPU
		Release|Any CPU = Release|Any CPU
	EndGlobalSection
	GlobalSection(ProjectConfigurationPlatforms) = postSolution
		{214AB5A6-DD68-432C-893A-0F6CC70D2005}.Debug|Any CPU.ActiveCfg = Debug|Any CPU
		{214AB5A6-DD68-432C-893A-0F6CC70D2005}.Debug|Any CPU.Build.0 = Debug|Any CPU
		{214AB5A6-DD68-432C-893A-0F6CC70D2005}.Release|Any CPU.ActiveCfg = Release|Any CPU
		{214AB5A6-DD68-432C-893A-0F6CC70D2005}.Release|Any CPU.Build.0 = Release|Any CPU
		{B2F44B14-05AB-4CA8-8188-563CC8D94DEC}.Debug|Any CPU.ActiveCfg = Debug|Any CPU
		{B2F44B14-05AB-4CA8-8188-563CC8D94DEC}.Debug|Any CPU.Build.0 = Debug|Any CPU
		{B2F44B14-05AB-4CA8-8188-563CC8D94DEC}.Release|Any CPU.ActiveCfg = Release|Any CPU
		{B2F44B14-05AB-4CA8-8188-563CC8D94DEC}.Release|Any CPU.Build.0 = Release|Any CPU
		{A9DB504B-099D-440D-93BD-E52FEA1BBE46}.Debug|Any CPU.ActiveCfg = Debug|Any CPU
		{A9DB504B-099D-440D-93BD-E52FEA1BBE46}.Debug|Any CPU.Build.0 = Debug|Any CPU
		{A9DB504B-099D-440D-93BD-E52FEA1BBE46}.Release|Any CPU.ActiveCfg = Release|Any CPU
		{A9DB504B-099D-440D-93BD-E52FEA1BBE46}.Release|Any CPU.Build.0 = Release|Any CPU
	EndGlobalSection
	GlobalSection(SolutionProperties) = preSolution
		HideSolutionNode = FALSE
	EndGlobalSection
EndGlobal
